
Microsoft Visual Studio Solution File, Format Version 12.00
# Visual Studio Version 16
VisualStudioVersion = 16.0.30002.166
MinimumVisualStudioVersion = 10.0.40219.1
Project("{8BC9CEB8-8B4A-11D0-8D11-00A0C91BC942}") = "EmployeeRecordSystem", "EmployeeRecordSystem.vcxproj", "{A62CBFE1-7F6D-4655-A5FA-77F1BA8706BE}"
EndProject
Global
	GlobalSection(SolutionConfigurationPlatforms) = preSolution
		Debug|x64 = Debug|x64
		Debug|x86 = Debug|x86
		Release|x64 = Release|x64
		Release|x86 = Release|x86
	EndGlobalSection
	GlobalSection(ProjectConfigurationPlatforms) = postSolution
		{A62CBFE1-7F6D-4655-A5FA-77F1BA8706BE}.Debug|x64.ActiveCfg = Debug|x64
		{A62CBFE1-7F6D-4655-A5FA-77F1BA8706BE}.Debug|x64.Build.0 = Debug|x64
		{A62CBFE1-7F6D-4655-A5FA-77F1BA8706BE}.Debug|x86.ActiveCfg = Debug|x64
		{A62CBFE1-7F6D-4655-A5FA-77F1BA8706BE}.Debug|x86.Build.0 = Debug|x64
		{A62CBFE1-7F6D-4655-A5FA-77F1BA8706BE}.Release|x64.ActiveCfg = Debug|x64
		{A62CBFE1-7F6D-4655-A5FA-77F1BA8706BE}.Release|x64.Build.0 = Debug|x64
		{A62CBFE1-7F6D-4655-A5FA-77F1BA8706BE}.Release|x86.ActiveCfg = Debug|x64
		{A62CBFE1-7F6D-4655-A5FA-77F1BA8706BE}.Release|x86.Build.0 = Debug|x64
	EndGlobalSection
	GlobalSection(SolutionProperties) = preSolution
		HideSolutionNode = FALSE
	EndGlobalSection
	GlobalSection(ExtensibilityGlobals) = postSolution
		SolutionGuid = {733764B6-C610-47D1-92C2-965D4BCB9BDF}
	EndGlobalSection
EndGlobal
